{
  "name": "react-native-wearables",
  "version": "1.0.0",
  "lockfileVersion": 1,
  "requires": true,
  "dependencies": {
    "rn-apple-healthkit": {
      "version": "0.6.3",
      "resolved": "https://registry.npmjs.org/rn-apple-healthkit/-/rn-apple-healthkit-0.6.3.tgz",
      "integrity": "sha512-uaNKrZVHmnVOregr9B8UQ+SSoH3ku/B/MIQxNy7j0Q8fzzosQYxXYebAcdSfFTCUUfDz5Hm5FoL8Oh8/IukWeA=="
    }
  }
}
